<?xml version="1.0" encoding="utf-8"?>
<Project ToolsVersion="4.0" xmlns="http://schemas.microsoft.com/developer/msbuild/2003">
  <ItemGroup>
    <Filter Include="Resource Files">
      <UniqueIdentifier>{67DA6AB6-F800-4c08-8B7A-83BB121AAD01}</UniqueIdentifier>
      <Extensions>rc;ico;cur;bmp;dlg;rc2;rct;bin;rgs;gif;jpg;jpeg;jpe;resx;tiff;tif;png;wav;mfcribbon-ms</Extensions>
    </Filter>
    <Filter Include="src">
      <UniqueIdentifier>{ed3bdfd9-6160-41ee-b605-26c05ac9a96b}</UniqueIdentifier>
    </Filter>
    <Filter Include="src\beginner">
      <UniqueIdentifier>{b64d44cb-9bd1-469b-b4f2-56154991c8e2}</UniqueIdentifier>
    </Filter>
    <Filter Include="src\language">
      <UniqueIdentifier>{605e55ce-1ded-49d8-8b8b-3fddb20bc764}</UniqueIdentifier>
    </Filter>
  </ItemGroup>
  <ItemGroup>
    <ClInclude Include="StringProblems.h">
      <Filter>src\beginner</Filter>
    </ClInclude>
    <ClInclude Include="CppArena.h" />
    <ClInclude Include="resource.h" />
    <ClInclude Include="Stdafx.h" />
    <ClInclude Include="ExplicitConstructorClass.h">
      <Filter>src\language</Filter>
    </ClInclude>
    <ClInclude Include="NarrowingTest.h">
      <Filter>src\language</Filter>
    </ClInclude>
  </ItemGroup>
  <ItemGroup>
    <ClCompile Include="StringProblems.cpp">
      <Filter>src\beginner</Filter>
    </ClCompile>
    <ClCompile Include="AssemblyInfo.cpp" />
    <ClCompile Include="Stdafx.cpp" />
    <ClCompile Include="ExplicitConstructorClass.cpp">
      <Filter>src\language</Filter>
    </ClCompile>
    <ClCompile Include="NarrowingTest.cpp">
      <Filter>src\language</Filter>
    </ClCompile>
  </ItemGroup>
  <ItemGroup>
    <Text Include="ReadMe.txt" />
  </ItemGroup>
  <ItemGroup>
    <ResourceCompile Include="app.rc">
      <Filter>Resource Files</Filter>
    </ResourceCompile>
  </ItemGroup>
  <ItemGroup>
    <Image Include="app.ico">
      <Filter>Resource Files</Filter>
    </Image>
  </ItemGroup>
</Project>